// !$*UTF8*$!
{
	archiveVersion = 1;
	classes = {
	};
	objectVersion = 56;
	objects = {

/* Begin PBXBuildFile section */
		EF7717A329E12E64004DFB67 /* AppDelegate.swift in Sources */ = {isa = PBXBuildFile; fileRef = EF7717A229E12E64004DFB67 /* AppDelegate.swift */; };
		EF7717A529E12E64004DFB67 /* SceneDelegate.swift in Sources */ = {isa = PBXBuildFile; fileRef = EF7717A429E12E64004DFB67 /* SceneDelegate.swift */; };
		EF7717A729E12E64004DFB67 /* ViewController.swift in Sources */ = {isa = PBXBuildFile; fileRef = EF7717A629E12E64004DFB67 /* ViewController.swift */; };
		EF7717AA29E12E64004DFB67 /* Main.storyboard in Resources */ = {isa = PBXBuildFile; fileRef = EF7717A829E12E64004DFB67 /* Main.storyboard */; };
		EF7717AC29E12E65004DFB67 /* Assets.xcassets in Resources */ = {isa = PBXBuildFile; fileRef = EF7717AB29E12E65004DFB67 /* Assets.xcassets */; };
		EF7717AF29E12E65004DFB67 /* LaunchScreen.storyboard in Resources */ = {isa = PBXBuildFile; fileRef = EF7717AD29E12E65004DFB67 /* LaunchScreen.storyboard */; };
		EF7717B729E1353D004DFB67 /* LocationData.swift in Sources */ = {isa = PBXBuildFile; fileRef = EF7717B629E1353D004DFB67 /* LocationData.swift */; };
		F377E73CB4B7449097F86200 /* Pods_WeatherAPI.framework in Frameworks */ = {isa = PBXBuildFile; fileRef = 060E4E5AE2822C8E67174B2F /* Pods_WeatherAPI.framework */; };
/* End PBXBuildFile section */

/* Begin PBXFileReference section */
		00CE273A194B148144D4A622 /* Pods-WeatherAPI.release.xcconfig */ = {isa = PBXFileReference; includeInIndex = 1; lastKnownFileType = text.xcconfig; name = "Pods-WeatherAPI.release.xcconfig"; path = "Target Support Files/Pods-WeatherAPI/Pods-WeatherAPI.release.xcconfig"; sourceTree = "<group>"; };
		060E4E5AE2822C8E67174B2F /* Pods_WeatherAPI.framework */ = {isa = PBXFileReference; explicitFileType = wrapper.framework; includeInIndex = 0; path = Pods_WeatherAPI.framework; sourceTree = BUILT_PRODUCTS_DIR; };
		CCD45A552D97562D6C481291 /* Pods-WeatherAPI.debug.xcconfig */ = {isa = PBXFileReference; includeInIndex = 1; lastKnownFileType = text.xcconfig; name = "Pods-WeatherAPI.debug.xcconfig"; path = "Target Support Files/Pods-WeatherAPI/Pods-WeatherAPI.debug.xcconfig"; sourceTree = "<group>"; };
		EF77179F29E12E64004DFB67 /* WeatherAPI.app */ = {isa = PBXFileReference; explicitFileType = wrapper.application; includeInIndex = 0; path = WeatherAPI.app; sourceTree = BUILT_PRODUCTS_DIR; };
		EF7717A229E12E64004DFB67 /* AppDelegate.swift */ = {isa = PBXFileReference; lastKnownFileType = sourcecode.swift; path = AppDelegate.swift; sourceTree = "<group>"; };
		EF7717A429E12E64004DFB67 /* SceneDelegate.swift */ = {isa = PBXFileReference; lastKnownFileType = sourcecode.swift; path = SceneDelegate.swift; sourceTree = "<group>"; };
		EF7717A629E12E64004DFB67 /* ViewController.swift */ = {isa = PBXFileReference; lastKnownFileType = sourcecode.swift; path = ViewController.swift; sourceTree = "<group>"; };
		EF7717A929E12E64004DFB67 /* Base */ = {isa = PBXFileReference; lastKnownFileType = file.storyboard; name = Base; path = Base.lproj/Main.storyboard; sourceTree = "<group>"; };
		EF7717AB29E12E65004DFB67 /* Assets.xcassets */ = {isa = PBXFileReference; lastKnownFileType = folder.assetcatalog; path = Assets.xcassets; sourceTree = "<group>"; };
		EF7717AE29E12E65004DFB67 /* Base */ = {isa = PBXFileReference; lastKnownFileType = file.storyboard; name = Base; path = Base.lproj/LaunchScreen.storyboard; sourceTree = "<group>"; };
		EF7717B029E12E65004DFB67 /* Info.plist */ = {isa = PBXFileReference; lastKnownFileType = text.plist.xml; path = Info.plist; sourceTree = "<group>"; };
		EF7717B629E1353D004DFB67 /* LocationData.swift */ = {isa = PBXFileReference; lastKnownFileType = sourcecode.swift; path = LocationData.swift; sourceTree = "<group>"; };
/* End PBXFileReference section */

/* Begin PBXFrameworksBuildPhase section */
		EF77179C29E12E64004DFB67 /* Frameworks */ = {
			isa = PBXFrameworksBuildPhase;
			buildActionMask = 2147483647;
			files = (
				F377E73CB4B7449097F86200 /* Pods_WeatherAPI.framework in Frameworks */,
			);
			runOnlyForDeploymentPostprocessing = 0;
		};
/* End PBXFrameworksBuildPhase section */

/* Begin PBXGroup section */
		0BCB592898A5E09658D00B81 /* Pods */ = {
			isa = PBXGroup;
			children = (
				CCD45A552D97562D6C481291 /* Pods-WeatherAPI.debug.xcconfig */,
				00CE273A194B148144D4A622 /* Pods-WeatherAPI.release.xcconfig */,
			);
			name = Pods;
			path = Pods;
			sourceTree = "<group>";
		};
		78E7F8A6E735462387520789 /* Frameworks */ = {
			isa = PBXGroup;
			children = (
				060E4E5AE2822C8E67174B2F /* Pods_WeatherAPI.framework */,
			);
			name = Frameworks;
			sourceTree = "<group>";
		};
		EF77179629E12E64004DFB67 = {
			isa = PBXGroup;
			children = (
				EF7717A129E12E64004DFB67 /* WeatherAPI */,
				EF7717A029E12E64004DFB67 /* Products */,
				0BCB592898A5E09658D00B81 /* Pods */,
				78E7F8A6E735462387520789 /* Frameworks */,
			);
			sourceTree = "<group>";
		};
		EF7717A029E12E64004DFB67 /* Products */ = {
			isa = PBXGroup;
			children = (
				EF77179F29E12E64004DFB67 /* WeatherAPI.app */,
			);
			name = Products;
			sourceTree = "<group>";
		};
		EF7717A129E12E64004DFB67 /* WeatherAPI */ = {
			isa = PBXGroup;
			children = (
				EF7717A229E12E64004DFB67 /* AppDelegate.swift */,
				EF7717A429E12E64004DFB67 /* SceneDelegate.swift */,
				EF7717A629E12E64004DFB67 /* ViewController.swift */,
				EF7717B629E1353D004DFB67 /* LocationData.swift */,
				EF7717A829E12E64004DFB67 /* Main.storyboard */,
				EF7717AB29E12E65004DFB67 /* Assets.xcassets */,
				EF7717AD29E12E65004DFB67 /* LaunchScreen.storyboard */,
				EF7717B029E12E65004DFB67 /* Info.plist */,
			);
			path = WeatherAPI;
			sourceTree = "<group>";
		};
/* End PBXGroup section */

/* Begin PBXNativeTarget section */
		EF77179E29E12E64004DFB67 /* WeatherAPI */ = {
			isa = PBXNativeTarget;
			buildConfigurationList = EF7717B329E12E65004DFB67 /* Build configuration list for PBXNativeTarget "WeatherAPI" */;
			buildPhases = (
				F609FF809078413A905ACAC9 /* [CP] Check Pods Manifest.lock */,
				EF77179B29E12E64004DFB67 /* Sources */,
				EF77179C29E12E64004DFB67 /* Frameworks */,
				EF77179D29E12E64004DFB67 /* Resources */,
				B362009D1A3760FF0FED4BE2 /* [CP] Embed Pods Frameworks */,
			);
			buildRules = (
			);
			dependencies = (
			);
			name = WeatherAPI;
			productName = WeatherAPI;
			productReference = EF77179F29E12E64004DFB67 /* WeatherAPI.app */;
			productType = "com.apple.product-type.application";
		};
/* End PBXNativeTarget section */

/* Begin PBXProject section */
		EF77179729E12E64004DFB67 /* Project object */ = {
			isa = PBXProject;
			attributes = {
				BuildIndependentTargetsInParallel = 1;
				LastSwiftUpdateCheck = 1420;
				LastUpgradeCheck = 1420;
				TargetAttributes = {
					EF77179E29E12E64004DFB67 = {
						CreatedOnToolsVersion = 14.2;
					};
				};
			};
			buildConfigurationList = EF77179A29E12E64004DFB67 /* Build configuration list for PBXProject "WeatherAPI" */;
			compatibilityVersion = "Xcode 14.0";
			developmentRegion = en;
			hasScannedForEncodings = 0;
			knownRegions = (
				en,
				Base,
			);
			mainGroup = EF77179629E12E64004DFB67;
			productRefGroup = EF7717A029E12E64004DFB67 /* Products */;
			projectDirPath = "";
			projectRoot = "";
			targets = (
				EF77179E29E12E64004DFB67 /* WeatherAPI */,
			);
		};
/* End PBXProject section */

/* Begin PBXResourcesBuildPhase section */
		EF77179D29E12E64004DFB67 /* Resources */ = {
			isa = PBXResourcesBuildPhase;
			buildActionMask = 2147483647;
			files = (
				EF7717AF29E12E65004DFB67 /* LaunchScreen.storyboard in Resources */,
				EF7717AC29E12E65004DFB67 /* Assets.xcassets in Resources */,
				EF7717AA29E12E64004DFB67 /* Main.storyboard in Resources */,
			);
			runOnlyForDeploymentPostprocessing = 0;
		};
/* End PBXResourcesBuildPhase section */

/* Begin PBXShellScriptBuildPhase section */
		B362009D1A3760FF0FED4BE2 /* [CP] Embed Pods Frameworks */ = {
			isa = PBXShellScriptBuildPhase;
			buildActionMask = 2147483647;
			files = (
			);
			inputFileListPaths = (
				"${PODS_ROOT}/Target Support Files/Pods-WeatherAPI/Pods-WeatherAPI-frameworks-${CONFIGURATION}-input-files.xcfilelist",
			);
			name = "[CP] Embed Pods Frameworks";
			outputFileListPaths = (
				"${PODS_ROOT}/Target Support Files/Pods-WeatherAPI/Pods-WeatherAPI-frameworks-${CONFIGURATION}-output-files.xcfilelist",
			);
			runOnlyForDeploymentPostprocessing = 0;
			shellPath = /bin/sh;
			shellScript = "\"${PODS_ROOT}/Target Support Files/Pods-WeatherAPI/Pods-WeatherAPI-frameworks.sh\"\n";
			showEnvVarsInLog = 0;
		};
		F609FF809078413A905ACAC9 /* [CP] Check Pods Manifest.lock */ = {
			isa = PBXShellScriptBuildPhase;
			buildActionMask = 2147483647;
			files = (
			);
			inputFileListPaths = (
			);
			inputPaths = (
				"${PODS_PODFILE_DIR_PATH}/Podfile.lock",
				"${PODS_ROOT}/Manifest.lock",
			);
			name = "[CP] Check Pods Manifest.lock";
			outputFileListPaths = (
			);
			outputPaths = (
				"$(DERIVED_FILE_DIR)/Pods-WeatherAPI-checkManifestLockResult.txt",
			);
			runOnlyForDeploymentPostprocessing = 0;
			shellPath = /bin/sh;
			shellScript = "diff \"${PODS_PODFILE_DIR_PATH}/Podfile.lock\" \"${PODS_ROOT}/Manifest.lock\" > /dev/null\nif [ $? != 0 ] ; then\n    # print error to STDERR\n    echo \"error: The sandbox is not in sync with the Podfile.lock. Run 'pod install' or update your CocoaPods installation.\" >&2\n    exit 1\nfi\n# This output is used by Xcode 'outputs' to avoid re-running this script phase.\necho \"SUCCESS\" > \"${SCRIPT_OUTPUT_FILE_0}\"\n";
			showEnvVarsInLog = 0;
		};
/* End PBXShellScriptBuildPhase section */

/* Begin PBXSourcesBuildPhase section */
		EF77179B29E12E64004DFB67 /* Sources */ = {
			isa = PBXSourcesBuildPhase;
			buildActionMask = 2147483647;
			files = (
				EF7717B729E1353D004DFB67 /* LocationData.swift in Sources */,
				EF7717A729E12E64004DFB67 /* ViewController.swift in Sources */,
				EF7717A329E12E64004DFB67 /* AppDelegate.swift in Sources */,
				EF7717A529E12E64004DFB67 /* SceneDelegate.swift in Sources */,
			);
			runOnlyForDeploymentPostprocessing = 0;
		};
/* End PBXSourcesBuildPhase section */

/* Begin PBXVariantGroup section */
		EF7717A829E12E64004DFB67 /* Main.storyboard */ = {
			isa = PBXVariantGroup;
			children = (
				EF7717A929E12E64004DFB67 /* Base */,
			);
			name = Main.storyboard;
			sourceTree = "<group>";
		};
		EF7717AD29E12E65004DFB67 /* LaunchScreen.storyboard */ = {
			isa = PBXVariantGroup;
			children = (
				EF7717AE29E12E65004DFB67 /* Base */,
			);
			name = LaunchScreen.storyboard;
			sourceTree = "<group>";
		};
/* End PBXVariantGroup section */

/* Begin XCBuildConfiguration section */
		EF7717B129E12E65004DFB67 /* Debug */ = {
			isa = XCBuildConfiguration;
			buildSettings = {
				ALWAYS_SEARCH_USER_PATHS = NO;
				CLANG_ANALYZER_NONNULL = YES;
				CLANG_ANALYZER_NUMBER_OBJECT_CONVERSION = YES_AGGRESSIVE;
				CLANG_CXX_LANGUAGE_STANDARD = "gnu++20";
				CLANG_ENABLE_MODULES = YES;
				CLANG_ENABLE_OBJC_ARC = YES;
				CLANG_ENABLE_OBJC_WEAK = YES;
				CLANG_WARN_BLOCK_CAPTURE_AUTORELEASING = YES;
				CLANG_WARN_BOOL_CONVERSION = YES;
				CLANG_WARN_COMMA = YES;
				CLANG_WARN_CONSTANT_CONVERSION = YES;
				CLANG_WARN_DEPRECATED_OBJC_IMPLEMENTATIONS = YES;
				CLANG_WARN_DIRECT_OBJC_ISA_USAGE = YES_ERROR;
				CLANG_WARN_DOCUMENTATION_COMMENTS = YES;
				CLANG_WARN_EMPTY_BODY = YES;
				CLANG_WARN_ENUM_CONVERSION = YES;
				CLANG_WARN_INFINITE_RECURSION = YES;
				CLANG_WARN_INT_CONVERSION = YES;
				CLANG_WARN_NON_LITERAL_NULL_CONVERSION = YES;
				CLANG_WARN_OBJC_IMPLICIT_RETAIN_SELF = YES;
				CLANG_WARN_OBJC_LITERAL_CONVERSION = YES;
				CLANG_WARN_OBJC_ROOT_CLASS = YES_ERROR;
				CLANG_WARN_QUOTED_INCLUDE_IN_FRAMEWORK_HEADER = YES;
				CLANG_WARN_RANGE_LOOP_ANALYSIS = YES;
				CLANG_WARN_STRICT_PROTOTYPES = YES;
				CLANG_WARN_SUSPICIOUS_MOVE = YES;
				CLANG_WARN_UNGUARDED_AVAILABILITY = YES_AGGRESSIVE;
				CLANG_WARN_UNREACHABLE_CODE = YES;
				CLANG_WARN__DUPLICATE_METHOD_MATCH = YES;
				COPY_PHASE_STRIP = NO;
				DEBUG_INFORMATION_FORMAT = dwarf;
				ENABLE_STRICT_OBJC_MSGSEND = YES;
				ENABLE_TESTABILITY = YES;
				GCC_C_LANGUAGE_STANDARD = gnu11;
				GCC_DYNAMIC_NO_PIC = NO;
				GCC_NO_COMMON_BLOCKS = YES;
				GCC_OPTIMIZATION_LEVEL = 0;
				GCC_PREPROCESSOR_DEFINITIONS = (
					"DEBUG=1",
					"$(inherited)",
				);
				GCC_WARN_64_TO_32_BIT_CONVERSION = YES;
				GCC_WARN_ABOUT_RETURN_TYPE = YES_ERROR;
				GCC_WARN_UNDECLARED_SELECTOR = YES;
				GCC_WARN_UNINITIALIZED_AUTOS = YES_AGGRESSIVE;
				GCC_WARN_UNUSED_FUNCTION = YES;
				GCC_WARN_UNUSED_VARIABLE = YES;
				IPHONEOS_DEPLOYMENT_TARGET = 16.2;
				MTL_ENABLE_DEBUG_INFO = INCLUDE_SOURCE;
				MTL_FAST_MATH = YES;
				ONLY_ACTIVE_ARCH = YES;
				SDKROOT = iphoneos;
				SWIFT_ACTIVE_COMPILATION_CONDITIONS = DEBUG;
				SWIFT_OPTIMIZATION_LEVEL = "-Onone";
			};
			name = Debug;
		};
		EF7717B229E12E65004DFB67 /* Release */ = {
			isa = XCBuildConfiguration;
			buildSettings = {
				ALWAYS_SEARCH_USER_PATHS = NO;
				CLANG_ANALYZER_NONNULL = YES;
				CLANG_ANALYZER_NUMBER_OBJECT_CONVERSION = YES_AGGRESSIVE;
				CLANG_CXX_LANGUAGE_STANDARD = "gnu++20";
				CLANG_ENABLE_MODULES = YES;
				CLANG_ENABLE_OBJC_ARC = YES;
				CLANG_ENABLE_OBJC_WEAK = YES;
				CLANG_WARN_BLOCK_CAPTURE_AUTORELEASING = YES;
				CLANG_WARN_BOOL_CONVERSION = YES;
				CLANG_WARN_COMMA = YES;
				CLANG_WARN_CONSTANT_CONVERSION = YES;
				CLANG_WARN_DEPRECATED_OBJC_IMPLEMENTATIONS = YES;
				CLANG_WARN_DIRECT_OBJC_ISA_USAGE = YES_ERROR;
				CLANG_WARN_DOCUMENTATION_COMMENTS = YES;
				CLANG_WARN_EMPTY_BODY = YES;
				CLANG_WARN_ENUM_CONVERSION = YES;
				CLANG_WARN_INFINITE_RECURSION = YES;
				CLANG_WARN_INT_CONVERSION = YES;
				CLANG_WARN_NON_LITERAL_NULL_CONVERSION = YES;
				CLANG_WARN_OBJC_IMPLICIT_RETAIN_SELF = YES;
				CLANG_WARN_OBJC_LITERAL_CONVERSION = YES;
				CLANG_WARN_OBJC_ROOT_CLASS = YES_ERROR;
				CLANG_WARN_QUOTED_INCLUDE_IN_FRAMEWORK_HEADER = YES;
				CLANG_WARN_RANGE_LOOP_ANALYSIS = YES;
				CLANG_WARN_STRICT_PROTOTYPES = YES;
				CLANG_WARN_SUSPICIOUS_MOVE = YES;
				CLANG_WARN_UNGUARDED_AVAILABILITY = YES_AGGRESSIVE;
				CLANG_WARN_UNREACHABLE_CODE = YES;
				CLANG_WARN__DUPLICATE_METHOD_MATCH = YES;
				COPY_PHASE_STRIP = NO;
				DEBUG_INFORMATION_FORMAT = "dwarf-with-dsym";
				ENABLE_NS_ASSERTIONS = NO;
				ENABLE_STRICT_OBJC_MSGSEND = YES;
				GCC_C_LANGUAGE_STANDARD = gnu11;
				GCC_NO_COMMON_BLOCKS = YES;
				GCC_WARN_64_TO_32_BIT_CONVERSION = YES;
				GCC_WARN_ABOUT_RETURN_TYPE = YES_ERROR;
				GCC_WARN_UNDECLARED_SELECTOR = YES;
				GCC_WARN_UNINITIALIZED_AUTOS = YES_AGGRESSIVE;
				GCC_WARN_UNUSED_FUNCTION = YES;
				GCC_WARN_UNUSED_VARIABLE = YES;
				IPHONEOS_DEPLOYMENT_TARGET = 16.2;
				MTL_ENABLE_DEBUG_INFO = NO;
				MTL_FAST_MATH = YES;
				SDKROOT = iphoneos;
				SWIFT_COMPILATION_MODE = wholemodule;
				SWIFT_OPTIMIZATION_LEVEL = "-O";
				VALIDATE_PRODUCT = YES;
			};
			name = Release;
		};
		EF7717B429E12E65004DFB67 /* Debug */ = {
			isa = XCBuildConfiguration;
			baseConfigurationReference = CCD45A552D97562D6C481291 /* Pods-WeatherAPI.debug.xcconfig */;
			buildSettings = {
				ASSETCATALOG_COMPILER_APPICON_NAME = AppIcon;
				ASSETCATALOG_COMPILER_GLOBAL_ACCENT_COLOR_NAME = AccentColor;
				CODE_SIGN_STYLE = Automatic;
				CURRENT_PROJECT_VERSION = 1;
				GENERATE_INFOPLIST_FILE = YES;
				INFOPLIST_FILE = WeatherAPI/Info.plist;
				INFOPLIST_KEY_UIApplicationSupportsIndirectInputEvents = YES;
				INFOPLIST_KEY_UILaunchStoryboardName = LaunchScreen;
				INFOPLIST_KEY_UIMainStoryboardFile = Main;
				INFOPLIST_KEY_UISupportedInterfaceOrientations_iPad = "UIInterfaceOrientationPortrait UIInterfaceOrientationPortraitUpsideDown UIInterfaceOrientationLandscapeLeft UIInterfaceOrientationLandscapeRight";
				INFOPLIST_KEY_UISupportedInterfaceOrientations_iPhone = "UIInterfaceOrientationPortrait UIInterfaceOrientationLandscapeLeft UIInterfaceOrientationLandscapeRight";
				LD_RUNPATH_SEARCH_PATHS = (
					"$(inherited)",
					"@executable_path/Frameworks",
				);
				MARKETING_VERSION = 1.0;
				PRODUCT_BUNDLE_IDENTIFIER = forloop.WeatherAPI;
				PRODUCT_NAME = "$(TARGET_NAME)";
				SWIFT_EMIT_LOC_STRINGS = YES;
				SWIFT_VERSION = 5.0;
				TARGETED_DEVICE_FAMILY = "1,2";
			};
			name = Debug;
		};
		EF7717B529E12E65004DFB67 /* Release */ = {
			isa = XCBuildConfiguration;
			baseConfigurationReference = 00CE273A194B148144D4A622 /* Pods-WeatherAPI.release.xcconfig */;
			buildSettings = {
				ASSETCATALOG_COMPILER_APPICON_NAME = AppIcon;
				ASSETCATALOG_COMPILER_GLOBAL_ACCENT_COLOR_NAME = AccentColor;
				CODE_SIGN_STYLE = Automatic;
				CURRENT_PROJECT_VERSION = 1;
				GENERATE_INFOPLIST_FILE = YES;
				INFOPLIST_FILE = WeatherAPI/Info.plist;
				INFOPLIST_KEY_UIApplicationSupportsIndirectInputEvents = YES;
				INFOPLIST_KEY_UILaunchStoryboardName = LaunchScreen;
				INFOPLIST_KEY_UIMainStoryboardFile = Main;
				INFOPLIST_KEY_UISupportedInterfaceOrientations_iPad = "UIInterfaceOrientationPortrait UIInterfaceOrientationPortraitUpsideDown UIInterfaceOrientationLandscapeLeft UIInterfaceOrientationLandscapeRight";
				INFOPLIST_KEY_UISupportedInterfaceOrientations_iPhone = "UIInterfaceOrientationPortrait UIInterfaceOrientationLandscapeLeft UIInterfaceOrientationLandscapeRight";
				LD_RUNPATH_SEARCH_PATHS = (
					"$(inherited)",
					"@executable_path/Frameworks",
				);
				MARKETING_VERSION = 1.0;
				PRODUCT_BUNDLE_IDENTIFIER = forloop.WeatherAPI;
				PRODUCT_NAME = "$(TARGET_NAME)";
				SWIFT_EMIT_LOC_STRINGS = YES;
				SWIFT_VERSION = 5.0;
				TARGETED_DEVICE_FAMILY = "1,2";
			};
			name = Release;
		};
/* End XCBuildConfiguration section */

/* Begin XCConfigurationList section */
		EF77179A29E12E64004DFB67 /* Build configuration list for PBXProject "WeatherAPI" */ = {
			isa = XCConfigurationList;
			buildConfigurations = (
				EF7717B129E12E65004DFB67 /* Debug */,
				EF7717B229E12E65004DFB67 /* Release */,
			);
			defaultConfigurationIsVisible = 0;
			defaultConfigurationName = Release;
		};
		EF7717B329E12E65004DFB67 /* Build configuration list for PBXNativeTarget "WeatherAPI" */ = {
			isa = XCConfigurationList;
			buildConfigurations = (
				EF7717B429E12E65004DFB67 /* Debug */,
				EF7717B529E12E65004DFB67 /* Release */,
			);
			defaultConfigurationIsVisible = 0;
			defaultConfigurationName = Release;
		};
/* End XCConfigurationList section */
	};
	rootObject = EF77179729E12E64004DFB67 /* Project object */;
}
